// !$*UTF8*$!
{
	archiveVersion = 1;
	classes = {
	};
	objectVersion = 51;
	objects = {

/* Begin PBXBuildFile section */
		235E24F326B7BBB500D9D262 /* DonorOnboardingView.swift in Sources */ = {isa = PBXBuildFile; fileRef = 235E24F226B7BBB500D9D262 /* DonorOnboardingView.swift */; };
		235E24F626B7CBFC00D9D262 /* PrimaryButtonStyle.swift in Sources */ = {isa = PBXBuildFile; fileRef = 235E24F526B7CBFB00D9D262 /* PrimaryButtonStyle.swift */; };
		235E24F826B7D93300D9D262 /* ReceiverOnboardingView.swift in Sources */ = {isa = PBXBuildFile; fileRef = 235E24F726B7D93300D9D262 /* ReceiverOnboardingView.swift */; };
		23812BF526B827D9001DA8C6 /* Checkbox.swift in Sources */ = {isa = PBXBuildFile; fileRef = 23812BF426B827D9001DA8C6 /* Checkbox.swift */; };
		23812BF726B9032C001DA8C6 /* CheckboxGrid.swift in Sources */ = {isa = PBXBuildFile; fileRef = 23812BF626B9032C001DA8C6 /* CheckboxGrid.swift */; };
		6A79C4A826B3C958007D6D4D /* FoodItemModel.swift in Sources */ = {isa = PBXBuildFile; fileRef = 6A79C4A726B3C958007D6D4D /* FoodItemModel.swift */; };
		6A79C4AC26B3CB6E007D6D4D /* FoodShelfViewModel.swift in Sources */ = {isa = PBXBuildFile; fileRef = 6A79C4AB26B3CB6E007D6D4D /* FoodShelfViewModel.swift */; };
		6A79C4B126B3CE2A007D6D4D /* FoodShelfView.swift in Sources */ = {isa = PBXBuildFile; fileRef = 6A79C4B026B3CE29007D6D4D /* FoodShelfView.swift */; };
		6AAC0ECD26B8CA4A00C81A23 /* ItemCard.swift in Sources */ = {isa = PBXBuildFile; fileRef = 6AAC0ECC26B8CA4A00C81A23 /* ItemCard.swift */; };
		6AEC265D26B40522005EF1BE /* CustomColor.swift in Sources */ = {isa = PBXBuildFile; fileRef = 6AEC265C26B40522005EF1BE /* CustomColor.swift */; };
		6AEECB7626B1436B00EDFD5D /* FoodWasteApp.swift in Sources */ = {isa = PBXBuildFile; fileRef = 6AEECB7526B1436B00EDFD5D /* FoodWasteApp.swift */; };
		6AEECB7826B1436B00EDFD5D /* ContentView.swift in Sources */ = {isa = PBXBuildFile; fileRef = 6AEECB7726B1436B00EDFD5D /* ContentView.swift */; };
		6AEECB7A26B1436C00EDFD5D /* Assets.xcassets in Resources */ = {isa = PBXBuildFile; fileRef = 6AEECB7926B1436C00EDFD5D /* Assets.xcassets */; };
		6AEECB7D26B1436C00EDFD5D /* Preview Assets.xcassets in Resources */ = {isa = PBXBuildFile; fileRef = 6AEECB7C26B1436C00EDFD5D /* Preview Assets.xcassets */; };
		8F33A3FF26B79DE800B9C01C /* OnboardingComplete.swift in Sources */ = {isa = PBXBuildFile; fileRef = 8F33A3FE26B79DE700B9C01C /* OnboardingComplete.swift */; };
		8F33A41526B7A18400B9C01C /* WorkSans-Italic-VariableFont_wght.ttf in Resources */ = {isa = PBXBuildFile; fileRef = 8F33A41326B7A0FC00B9C01C /* WorkSans-Italic-VariableFont_wght.ttf */; };
		8F33A41726B7A18700B9C01C /* WorkSans-VariableFont_wght.ttf in Resources */ = {isa = PBXBuildFile; fileRef = 8F33A41426B7A0FC00B9C01C /* WorkSans-VariableFont_wght.ttf */; };
		8F33A41A26B7A28300B9C01C /* CustomFont.swift in Sources */ = {isa = PBXBuildFile; fileRef = 8F33A41926B7A28300B9C01C /* CustomFont.swift */; };
		8F33A42126B7CA3200B9C01C /* AddFoodItem.swift in Sources */ = {isa = PBXBuildFile; fileRef = 8F33A42026B7CA3100B9C01C /* AddFoodItem.swift */; };
		8F33A42526B7DB3C00B9C01C /* Input.swift in Sources */ = {isa = PBXBuildFile; fileRef = 8F33A42426B7DB3C00B9C01C /* Input.swift */; };
		8F33A42E26B7FD4B00B9C01C /* (null) in Sources */ = {isa = PBXBuildFile; };
		8F8CC6ED26B85E6F0073DC08 /* CardButton.swift in Sources */ = {isa = PBXBuildFile; fileRef = 8F8CC6EC26B85E6F0073DC08 /* CardButton.swift */; };
		8F8CC6F026B8D0530073DC08 /* AddItemViewModel.swift in Sources */ = {isa = PBXBuildFile; fileRef = 8F8CC6EF26B8D0520073DC08 /* AddItemViewModel.swift */; };
		8F8CC6F826B9275C0073DC08 /* AddFoodButton.swift in Sources */ = {isa = PBXBuildFile; fileRef = 8F8CC6F726B9275B0073DC08 /* AddFoodButton.swift */; };
		8F8F049326B77B4A00EE056D /* GoogleService-Info.plist in Resources */ = {isa = PBXBuildFile; fileRef = 8F8F049226B77B4A00EE056D /* GoogleService-Info.plist */; };
		E472F1BEFF98A91ABA12AC5D /* Pods_FoodWaste.framework in Frameworks */ = {isa = PBXBuildFile; fileRef = 646F2E1195A62F3CDC4FD43D /* Pods_FoodWaste.framework */; };
/* End PBXBuildFile section */

/* Begin PBXFileReference section */
		235E24F226B7BBB500D9D262 /* DonorOnboardingView.swift */ = {isa = PBXFileReference; lastKnownFileType = sourcecode.swift; path = DonorOnboardingView.swift; sourceTree = "<group>"; };
		235E24F526B7CBFB00D9D262 /* PrimaryButtonStyle.swift */ = {isa = PBXFileReference; lastKnownFileType = sourcecode.swift; path = PrimaryButtonStyle.swift; sourceTree = "<group>"; };
		235E24F726B7D93300D9D262 /* ReceiverOnboardingView.swift */ = {isa = PBXFileReference; lastKnownFileType = sourcecode.swift; path = ReceiverOnboardingView.swift; sourceTree = "<group>"; };
		23812BF426B827D9001DA8C6 /* Checkbox.swift */ = {isa = PBXFileReference; lastKnownFileType = sourcecode.swift; path = Checkbox.swift; sourceTree = "<group>"; };
		23812BF626B9032C001DA8C6 /* CheckboxGrid.swift */ = {isa = PBXFileReference; lastKnownFileType = sourcecode.swift; path = CheckboxGrid.swift; sourceTree = "<group>"; };
		646F2E1195A62F3CDC4FD43D /* Pods_FoodWaste.framework */ = {isa = PBXFileReference; explicitFileType = wrapper.framework; includeInIndex = 0; path = Pods_FoodWaste.framework; sourceTree = BUILT_PRODUCTS_DIR; };
		6A79C4A726B3C958007D6D4D /* FoodItemModel.swift */ = {isa = PBXFileReference; lastKnownFileType = sourcecode.swift; path = FoodItemModel.swift; sourceTree = "<group>"; };
		6A79C4AB26B3CB6E007D6D4D /* FoodShelfViewModel.swift */ = {isa = PBXFileReference; lastKnownFileType = sourcecode.swift; path = FoodShelfViewModel.swift; sourceTree = "<group>"; };
		6A79C4B026B3CE29007D6D4D /* FoodShelfView.swift */ = {isa = PBXFileReference; lastKnownFileType = sourcecode.swift; path = FoodShelfView.swift; sourceTree = "<group>"; };
		6AAC0ECC26B8CA4A00C81A23 /* ItemCard.swift */ = {isa = PBXFileReference; lastKnownFileType = sourcecode.swift; path = ItemCard.swift; sourceTree = "<group>"; };
		6AEC265C26B40522005EF1BE /* CustomColor.swift */ = {isa = PBXFileReference; lastKnownFileType = sourcecode.swift; path = CustomColor.swift; sourceTree = "<group>"; };
		6AEECB7226B1436B00EDFD5D /* FoodWaste.app */ = {isa = PBXFileReference; explicitFileType = wrapper.application; includeInIndex = 0; path = FoodWaste.app; sourceTree = BUILT_PRODUCTS_DIR; };
		6AEECB7526B1436B00EDFD5D /* FoodWasteApp.swift */ = {isa = PBXFileReference; lastKnownFileType = sourcecode.swift; path = FoodWasteApp.swift; sourceTree = "<group>"; };
		6AEECB7726B1436B00EDFD5D /* ContentView.swift */ = {isa = PBXFileReference; lastKnownFileType = sourcecode.swift; path = ContentView.swift; sourceTree = "<group>"; };
		6AEECB7926B1436C00EDFD5D /* Assets.xcassets */ = {isa = PBXFileReference; lastKnownFileType = folder.assetcatalog; path = Assets.xcassets; sourceTree = "<group>"; };
		6AEECB7C26B1436C00EDFD5D /* Preview Assets.xcassets */ = {isa = PBXFileReference; lastKnownFileType = folder.assetcatalog; path = "Preview Assets.xcassets"; sourceTree = "<group>"; };
		6AEECB7E26B1436C00EDFD5D /* Info.plist */ = {isa = PBXFileReference; lastKnownFileType = text.plist.xml; path = Info.plist; sourceTree = "<group>"; };
		8F33A3FE26B79DE700B9C01C /* OnboardingComplete.swift */ = {isa = PBXFileReference; lastKnownFileType = sourcecode.swift; path = OnboardingComplete.swift; sourceTree = "<group>"; };
		8F33A41326B7A0FC00B9C01C /* WorkSans-Italic-VariableFont_wght.ttf */ = {isa = PBXFileReference; lastKnownFileType = file; path = "WorkSans-Italic-VariableFont_wght.ttf"; sourceTree = "<group>"; };
		8F33A41426B7A0FC00B9C01C /* WorkSans-VariableFont_wght.ttf */ = {isa = PBXFileReference; lastKnownFileType = file; path = "WorkSans-VariableFont_wght.ttf"; sourceTree = "<group>"; };
		8F33A41926B7A28300B9C01C /* CustomFont.swift */ = {isa = PBXFileReference; lastKnownFileType = sourcecode.swift; path = CustomFont.swift; sourceTree = "<group>"; };
		8F33A42026B7CA3100B9C01C /* AddFoodItem.swift */ = {isa = PBXFileReference; lastKnownFileType = sourcecode.swift; path = AddFoodItem.swift; sourceTree = "<group>"; };
		8F33A42426B7DB3C00B9C01C /* Input.swift */ = {isa = PBXFileReference; lastKnownFileType = sourcecode.swift; path = Input.swift; sourceTree = "<group>"; };
		8F8CC6EC26B85E6F0073DC08 /* CardButton.swift */ = {isa = PBXFileReference; lastKnownFileType = sourcecode.swift; path = CardButton.swift; sourceTree = "<group>"; };
		8F8CC6EF26B8D0520073DC08 /* AddItemViewModel.swift */ = {isa = PBXFileReference; lastKnownFileType = sourcecode.swift; path = AddItemViewModel.swift; sourceTree = "<group>"; };
		8F8CC6F726B9275B0073DC08 /* AddFoodButton.swift */ = {isa = PBXFileReference; lastKnownFileType = sourcecode.swift; path = AddFoodButton.swift; sourceTree = "<group>"; };
		8F8F049226B77B4A00EE056D /* GoogleService-Info.plist */ = {isa = PBXFileReference; fileEncoding = 4; lastKnownFileType = text.plist.xml; path = "GoogleService-Info.plist"; sourceTree = "<group>"; };
		9E4D6049BD1E631B2B4D8114 /* Pods-FoodWaste.release.xcconfig */ = {isa = PBXFileReference; includeInIndex = 1; lastKnownFileType = text.xcconfig; name = "Pods-FoodWaste.release.xcconfig"; path = "Target Support Files/Pods-FoodWaste/Pods-FoodWaste.release.xcconfig"; sourceTree = "<group>"; };
		B8BDEA375C0E7D433A4BD1CB /* Pods-FoodWaste.debug.xcconfig */ = {isa = PBXFileReference; includeInIndex = 1; lastKnownFileType = text.xcconfig; name = "Pods-FoodWaste.debug.xcconfig"; path = "Target Support Files/Pods-FoodWaste/Pods-FoodWaste.debug.xcconfig"; sourceTree = "<group>"; };
/* End PBXFileReference section */

/* Begin PBXFrameworksBuildPhase section */
		6AEECB6F26B1436B00EDFD5D /* Frameworks */ = {
			isa = PBXFrameworksBuildPhase;
			buildActionMask = 2147483647;
			files = (
				E472F1BEFF98A91ABA12AC5D /* Pods_FoodWaste.framework in Frameworks */,
			);
			runOnlyForDeploymentPostprocessing = 0;
		};
/* End PBXFrameworksBuildPhase section */

/* Begin PBXGroup section */
		5A0066BE396E01D566BA9BCB /* Pods */ = {
			isa = PBXGroup;
			children = (
				B8BDEA375C0E7D433A4BD1CB /* Pods-FoodWaste.debug.xcconfig */,
				9E4D6049BD1E631B2B4D8114 /* Pods-FoodWaste.release.xcconfig */,
			);
			path = Pods;
			sourceTree = "<group>";
		};
		6A79C4A926B3C9A2007D6D4D /* ViewModel */ = {
			isa = PBXGroup;
			children = (
				6A79C4AB26B3CB6E007D6D4D /* FoodShelfViewModel.swift */,
				8F8CC6EF26B8D0520073DC08 /* AddItemViewModel.swift */,
			);
			path = ViewModel;
			sourceTree = "<group>";
		};
		6A79C4AA26B3CA00007D6D4D /* Model */ = {
			isa = PBXGroup;
			children = (
				6A79C4A726B3C958007D6D4D /* FoodItemModel.swift */,
			);
			path = Model;
			sourceTree = "<group>";
		};
		6AEECB6926B1436B00EDFD5D = {
			isa = PBXGroup;
			children = (
				6AEECB7426B1436B00EDFD5D /* FoodWaste */,
				6AEECB7326B1436B00EDFD5D /* Products */,
				5A0066BE396E01D566BA9BCB /* Pods */,
				CCDB3C84F95B926534C386A6 /* Frameworks */,
			);
			sourceTree = "<group>";
		};
		6AEECB7326B1436B00EDFD5D /* Products */ = {
			isa = PBXGroup;
			children = (
				6AEECB7226B1436B00EDFD5D /* FoodWaste.app */,
			);
			name = Products;
			sourceTree = "<group>";
		};
		6AEECB7426B1436B00EDFD5D /* FoodWaste */ = {
			isa = PBXGroup;
			children = (
				8F33A42326B7DB2500B9C01C /* Components */,
				8F33A41226B7A09700B9C01C /* fonts */,
				8F33A41026B79DF900B9C01C /* Screens */,
				6A79C4AA26B3CA00007D6D4D /* Model */,
				6A79C4A926B3C9A2007D6D4D /* ViewModel */,
				6AEC265C26B40522005EF1BE /* CustomColor.swift */,
				8F33A41926B7A28300B9C01C /* CustomFont.swift */,
				6AEECB7926B1436C00EDFD5D /* Assets.xcassets */,
				6AEECB7E26B1436C00EDFD5D /* Info.plist */,
				8F8F049226B77B4A00EE056D /* GoogleService-Info.plist */,
				6AEECB7B26B1436C00EDFD5D /* Preview Content */,
			);
			path = FoodWaste;
			sourceTree = "<group>";
		};
		6AEECB7B26B1436C00EDFD5D /* Preview Content */ = {
			isa = PBXGroup;
			children = (
				6AEECB7C26B1436C00EDFD5D /* Preview Assets.xcassets */,
			);
			path = "Preview Content";
			sourceTree = "<group>";
		};
		8F33A41026B79DF900B9C01C /* Screens */ = {
			isa = PBXGroup;
			children = (
				6AEECB7526B1436B00EDFD5D /* FoodWasteApp.swift */,
				6AEECB7726B1436B00EDFD5D /* ContentView.swift */,
				235E24F226B7BBB500D9D262 /* DonorOnboardingView.swift */,
				6A79C4B026B3CE29007D6D4D /* FoodShelfView.swift */,
				8F33A3FE26B79DE700B9C01C /* OnboardingComplete.swift */,
				8F33A42026B7CA3100B9C01C /* AddFoodItem.swift */,
				235E24F726B7D93300D9D262 /* ReceiverOnboardingView.swift */,
			);
			name = Screens;
			sourceTree = "<group>";
		};
		8F33A41226B7A09700B9C01C /* fonts */ = {
			isa = PBXGroup;
			children = (
				8F33A41326B7A0FC00B9C01C /* WorkSans-Italic-VariableFont_wght.ttf */,
				8F33A41426B7A0FC00B9C01C /* WorkSans-VariableFont_wght.ttf */,
			);
			path = fonts;
			sourceTree = "<group>";
		};
		8F33A42326B7DB2500B9C01C /* Components */ = {
			isa = PBXGroup;
			children = (
				235E24F526B7CBFB00D9D262 /* PrimaryButtonStyle.swift */,
				8F33A42426B7DB3C00B9C01C /* Input.swift */,
				23812BF426B827D9001DA8C6 /* Checkbox.swift */,
				8F8CC6EC26B85E6F0073DC08 /* CardButton.swift */,
				6AAC0ECC26B8CA4A00C81A23 /* ItemCard.swift */,
				23812BF626B9032C001DA8C6 /* CheckboxGrid.swift */,
				8F8CC6F726B9275B0073DC08 /* AddFoodButton.swift */,
			);
			path = Components;
			sourceTree = "<group>";
		};
		CCDB3C84F95B926534C386A6 /* Frameworks */ = {
			isa = PBXGroup;
			children = (
				646F2E1195A62F3CDC4FD43D /* Pods_FoodWaste.framework */,
			);
			name = Frameworks;
			sourceTree = "<group>";
		};
/* End PBXGroup section */

/* Begin PBXNativeTarget section */
		6AEECB7126B1436B00EDFD5D /* FoodWaste */ = {
			isa = PBXNativeTarget;
			buildConfigurationList = 6AEECB8126B1436C00EDFD5D /* Build configuration list for PBXNativeTarget "FoodWaste" */;
			buildPhases = (
				E8530621D2D53F197B39167E /* [CP] Check Pods Manifest.lock */,
				6AEECB6E26B1436B00EDFD5D /* Sources */,
				6AEECB6F26B1436B00EDFD5D /* Frameworks */,
				6AEECB7026B1436B00EDFD5D /* Resources */,
				941210E42AB8D9DFA091718D /* [CP] Embed Pods Frameworks */,
			);
			buildRules = (
			);
			dependencies = (
			);
			name = FoodWaste;
			productName = FoodWaste;
			productReference = 6AEECB7226B1436B00EDFD5D /* FoodWaste.app */;
			productType = "com.apple.product-type.application";
		};
/* End PBXNativeTarget section */

/* Begin PBXProject section */
		6AEECB6A26B1436B00EDFD5D /* Project object */ = {
			isa = PBXProject;
			attributes = {
				LastSwiftUpdateCheck = 1250;
				LastUpgradeCheck = 1250;
				TargetAttributes = {
					6AEECB7126B1436B00EDFD5D = {
						CreatedOnToolsVersion = 12.5.1;
					};
				};
			};
			buildConfigurationList = 6AEECB6D26B1436B00EDFD5D /* Build configuration list for PBXProject "FoodWaste" */;
			compatibilityVersion = "Xcode 9.3";
			developmentRegion = en;
			hasScannedForEncodings = 0;
			knownRegions = (
				en,
				Base,
			);
			mainGroup = 6AEECB6926B1436B00EDFD5D;
			productRefGroup = 6AEECB7326B1436B00EDFD5D /* Products */;
			projectDirPath = "";
			projectRoot = "";
			targets = (
				6AEECB7126B1436B00EDFD5D /* FoodWaste */,
			);
		};
/* End PBXProject section */

/* Begin PBXResourcesBuildPhase section */
		6AEECB7026B1436B00EDFD5D /* Resources */ = {
			isa = PBXResourcesBuildPhase;
			buildActionMask = 2147483647;
			files = (
				6AEECB7D26B1436C00EDFD5D /* Preview Assets.xcassets in Resources */,
				8F8F049326B77B4A00EE056D /* GoogleService-Info.plist in Resources */,
				6AEECB7A26B1436C00EDFD5D /* Assets.xcassets in Resources */,
				8F33A41726B7A18700B9C01C /* WorkSans-VariableFont_wght.ttf in Resources */,
				8F33A41526B7A18400B9C01C /* WorkSans-Italic-VariableFont_wght.ttf in Resources */,
			);
			runOnlyForDeploymentPostprocessing = 0;
		};
/* End PBXResourcesBuildPhase section */

/* Begin PBXShellScriptBuildPhase section */
		941210E42AB8D9DFA091718D /* [CP] Embed Pods Frameworks */ = {
			isa = PBXShellScriptBuildPhase;
			buildActionMask = 2147483647;
			files = (
			);
			inputFileListPaths = (
				"${PODS_ROOT}/Target Support Files/Pods-FoodWaste/Pods-FoodWaste-frameworks-${CONFIGURATION}-input-files.xcfilelist",
			);
			name = "[CP] Embed Pods Frameworks";
			outputFileListPaths = (
				"${PODS_ROOT}/Target Support Files/Pods-FoodWaste/Pods-FoodWaste-frameworks-${CONFIGURATION}-output-files.xcfilelist",
			);
			runOnlyForDeploymentPostprocessing = 0;
			shellPath = /bin/sh;
			shellScript = "\"${PODS_ROOT}/Target Support Files/Pods-FoodWaste/Pods-FoodWaste-frameworks.sh\"\n";
			showEnvVarsInLog = 0;
		};
		E8530621D2D53F197B39167E /* [CP] Check Pods Manifest.lock */ = {
			isa = PBXShellScriptBuildPhase;
			buildActionMask = 2147483647;
			files = (
			);
			inputFileListPaths = (
			);
			inputPaths = (
				"${PODS_PODFILE_DIR_PATH}/Podfile.lock",
				"${PODS_ROOT}/Manifest.lock",
			);
			name = "[CP] Check Pods Manifest.lock";
			outputFileListPaths = (
			);
			outputPaths = (
				"$(DERIVED_FILE_DIR)/Pods-FoodWaste-checkManifestLockResult.txt",
			);
			runOnlyForDeploymentPostprocessing = 0;
			shellPath = /bin/sh;
			shellScript = "diff \"${PODS_PODFILE_DIR_PATH}/Podfile.lock\" \"${PODS_ROOT}/Manifest.lock\" > /dev/null\nif [ $? != 0 ] ; then\n    # print error to STDERR\n    echo \"error: The sandbox is not in sync with the Podfile.lock. Run 'pod install' or update your CocoaPods installation.\" >&2\n    exit 1\nfi\n# This output is used by Xcode 'outputs' to avoid re-running this script phase.\necho \"SUCCESS\" > \"${SCRIPT_OUTPUT_FILE_0}\"\n";
			showEnvVarsInLog = 0;
		};
/* End PBXShellScriptBuildPhase section */

/* Begin PBXSourcesBuildPhase section */
		6AEECB6E26B1436B00EDFD5D /* Sources */ = {
			isa = PBXSourcesBuildPhase;
			buildActionMask = 2147483647;
			files = (
				8F8CC6F826B9275C0073DC08 /* AddFoodButton.swift in Sources */,
				8F33A42526B7DB3C00B9C01C /* Input.swift in Sources */,
				8F8CC6ED26B85E6F0073DC08 /* CardButton.swift in Sources */,
				6A79C4B126B3CE2A007D6D4D /* FoodShelfView.swift in Sources */,
				23812BF726B9032C001DA8C6 /* CheckboxGrid.swift in Sources */,
				8F8CC6F026B8D0530073DC08 /* AddItemViewModel.swift in Sources */,
				8F33A42126B7CA3200B9C01C /* AddFoodItem.swift in Sources */,
				235E24F326B7BBB500D9D262 /* DonorOnboardingView.swift in Sources */,
				23812BF526B827D9001DA8C6 /* Checkbox.swift in Sources */,
				6AEECB7826B1436B00EDFD5D /* ContentView.swift in Sources */,
				6A79C4A826B3C958007D6D4D /* FoodItemModel.swift in Sources */,
				6AEC265D26B40522005EF1BE /* CustomColor.swift in Sources */,
				6AAC0ECD26B8CA4A00C81A23 /* ItemCard.swift in Sources */,
				6AEECB7626B1436B00EDFD5D /* FoodWasteApp.swift in Sources */,
				235E24F626B7CBFC00D9D262 /* PrimaryButtonStyle.swift in Sources */,
				235E24F826B7D93300D9D262 /* ReceiverOnboardingView.swift in Sources */,
				8F33A41A26B7A28300B9C01C /* CustomFont.swift in Sources */,
				6A79C4AC26B3CB6E007D6D4D /* FoodShelfViewModel.swift in Sources */,
				8F33A3FF26B79DE800B9C01C /* OnboardingComplete.swift in Sources */,
				8F33A42E26B7FD4B00B9C01C /* (null) in Sources */,
			);
			runOnlyForDeploymentPostprocessing = 0;
		};
/* End PBXSourcesBuildPhase section */

/* Begin XCBuildConfiguration section */
		6AEECB7F26B1436C00EDFD5D /* Debug */ = {
			isa = XCBuildConfiguration;
			buildSettings = {
				ALWAYS_SEARCH_USER_PATHS = NO;
				CLANG_ANALYZER_NONNULL = YES;
				CLANG_ANALYZER_NUMBER_OBJECT_CONVERSION = YES_AGGRESSIVE;
				CLANG_CXX_LANGUAGE_STANDARD = "gnu++14";
				CLANG_CXX_LIBRARY = "libc++";
				CLANG_ENABLE_MODULES = YES;
				CLANG_ENABLE_OBJC_ARC = YES;
				CLANG_ENABLE_OBJC_WEAK = YES;
				CLANG_WARN_BLOCK_CAPTURE_AUTORELEASING = YES;
				CLANG_WARN_BOOL_CONVERSION = YES;
				CLANG_WARN_COMMA = YES;
				CLANG_WARN_CONSTANT_CONVERSION = YES;
				CLANG_WARN_DEPRECATED_OBJC_IMPLEMENTATIONS = YES;
				CLANG_WARN_DIRECT_OBJC_ISA_USAGE = YES_ERROR;
				CLANG_WARN_DOCUMENTATION_COMMENTS = YES;
				CLANG_WARN_EMPTY_BODY = YES;
				CLANG_WARN_ENUM_CONVERSION = YES;
				CLANG_WARN_INFINITE_RECURSION = YES;
				CLANG_WARN_INT_CONVERSION = YES;
				CLANG_WARN_NON_LITERAL_NULL_CONVERSION = YES;
				CLANG_WARN_OBJC_IMPLICIT_RETAIN_SELF = YES;
				CLANG_WARN_OBJC_LITERAL_CONVERSION = YES;
				CLANG_WARN_OBJC_ROOT_CLASS = YES_ERROR;
				CLANG_WARN_QUOTED_INCLUDE_IN_FRAMEWORK_HEADER = YES;
				CLANG_WARN_RANGE_LOOP_ANALYSIS = YES;
				CLANG_WARN_STRICT_PROTOTYPES = YES;
				CLANG_WARN_SUSPICIOUS_MOVE = YES;
				CLANG_WARN_UNGUARDED_AVAILABILITY = YES_AGGRESSIVE;
				CLANG_WARN_UNREACHABLE_CODE = YES;
				CLANG_WARN__DUPLICATE_METHOD_MATCH = YES;
				COPY_PHASE_STRIP = NO;
				DEBUG_INFORMATION_FORMAT = dwarf;
				ENABLE_STRICT_OBJC_MSGSEND = YES;
				ENABLE_TESTABILITY = YES;
				GCC_C_LANGUAGE_STANDARD = gnu11;
				GCC_DYNAMIC_NO_PIC = NO;
				GCC_NO_COMMON_BLOCKS = YES;
				GCC_OPTIMIZATION_LEVEL = 0;
				GCC_PREPROCESSOR_DEFINITIONS = (
					"DEBUG=1",
					"$(inherited)",
				);
				GCC_WARN_64_TO_32_BIT_CONVERSION = YES;
				GCC_WARN_ABOUT_RETURN_TYPE = YES_ERROR;
				GCC_WARN_UNDECLARED_SELECTOR = YES;
				GCC_WARN_UNINITIALIZED_AUTOS = YES_AGGRESSIVE;
				GCC_WARN_UNUSED_FUNCTION = YES;
				GCC_WARN_UNUSED_VARIABLE = YES;
				IPHONEOS_DEPLOYMENT_TARGET = 14.5;
				MTL_ENABLE_DEBUG_INFO = INCLUDE_SOURCE;
				MTL_FAST_MATH = YES;
				ONLY_ACTIVE_ARCH = YES;
				SDKROOT = iphoneos;
				SWIFT_ACTIVE_COMPILATION_CONDITIONS = DEBUG;
				SWIFT_OPTIMIZATION_LEVEL = "-Onone";
			};
			name = Debug;
		};
		6AEECB8026B1436C00EDFD5D /* Release */ = {
			isa = XCBuildConfiguration;
			buildSettings = {
				ALWAYS_SEARCH_USER_PATHS = NO;
				CLANG_ANALYZER_NONNULL = YES;
				CLANG_ANALYZER_NUMBER_OBJECT_CONVERSION = YES_AGGRESSIVE;
				CLANG_CXX_LANGUAGE_STANDARD = "gnu++14";
				CLANG_CXX_LIBRARY = "libc++";
				CLANG_ENABLE_MODULES = YES;
				CLANG_ENABLE_OBJC_ARC = YES;
				CLANG_ENABLE_OBJC_WEAK = YES;
				CLANG_WARN_BLOCK_CAPTURE_AUTORELEASING = YES;
				CLANG_WARN_BOOL_CONVERSION = YES;
				CLANG_WARN_COMMA = YES;
				CLANG_WARN_CONSTANT_CONVERSION = YES;
				CLANG_WARN_DEPRECATED_OBJC_IMPLEMENTATIONS = YES;
				CLANG_WARN_DIRECT_OBJC_ISA_USAGE = YES_ERROR;
				CLANG_WARN_DOCUMENTATION_COMMENTS = YES;
				CLANG_WARN_EMPTY_BODY = YES;
				CLANG_WARN_ENUM_CONVERSION = YES;
				CLANG_WARN_INFINITE_RECURSION = YES;
				CLANG_WARN_INT_CONVERSION = YES;
				CLANG_WARN_NON_LITERAL_NULL_CONVERSION = YES;
				CLANG_WARN_OBJC_IMPLICIT_RETAIN_SELF = YES;
				CLANG_WARN_OBJC_LITERAL_CONVERSION = YES;
				CLANG_WARN_OBJC_ROOT_CLASS = YES_ERROR;
				CLANG_WARN_QUOTED_INCLUDE_IN_FRAMEWORK_HEADER = YES;
				CLANG_WARN_RANGE_LOOP_ANALYSIS = YES;
				CLANG_WARN_STRICT_PROTOTYPES = YES;
				CLANG_WARN_SUSPICIOUS_MOVE = YES;
				CLANG_WARN_UNGUARDED_AVAILABILITY = YES_AGGRESSIVE;
				CLANG_WARN_UNREACHABLE_CODE = YES;
				CLANG_WARN__DUPLICATE_METHOD_MATCH = YES;
				COPY_PHASE_STRIP = NO;
				DEBUG_INFORMATION_FORMAT = "dwarf-with-dsym";
				ENABLE_NS_ASSERTIONS = NO;
				ENABLE_STRICT_OBJC_MSGSEND = YES;
				GCC_C_LANGUAGE_STANDARD = gnu11;
				GCC_NO_COMMON_BLOCKS = YES;
				GCC_WARN_64_TO_32_BIT_CONVERSION = YES;
				GCC_WARN_ABOUT_RETURN_TYPE = YES_ERROR;
				GCC_WARN_UNDECLARED_SELECTOR = YES;
				GCC_WARN_UNINITIALIZED_AUTOS = YES_AGGRESSIVE;
				GCC_WARN_UNUSED_FUNCTION = YES;
				GCC_WARN_UNUSED_VARIABLE = YES;
				IPHONEOS_DEPLOYMENT_TARGET = 14.5;
				MTL_ENABLE_DEBUG_INFO = NO;
				MTL_FAST_MATH = YES;
				SDKROOT = iphoneos;
				SWIFT_COMPILATION_MODE = wholemodule;
				SWIFT_OPTIMIZATION_LEVEL = "-O";
				VALIDATE_PRODUCT = YES;
			};
			name = Release;
		};
		6AEECB8226B1436C00EDFD5D /* Debug */ = {
			isa = XCBuildConfiguration;
			baseConfigurationReference = B8BDEA375C0E7D433A4BD1CB /* Pods-FoodWaste.debug.xcconfig */;
			buildSettings = {
				ASSETCATALOG_COMPILER_APPICON_NAME = AppIcon;
				ASSETCATALOG_COMPILER_GLOBAL_ACCENT_COLOR_NAME = AccentColor;
				CODE_SIGN_STYLE = Automatic;
				DEVELOPMENT_ASSET_PATHS = "\"FoodWaste/Preview Content\"";
				DEVELOPMENT_TEAM = GW3Q5YKX9T;
				ENABLE_PREVIEWS = YES;
				INFOPLIST_FILE = FoodWaste/Info.plist;
				IPHONEOS_DEPLOYMENT_TARGET = 14.0;
				LD_RUNPATH_SEARCH_PATHS = (
					"$(inherited)",
					"@executable_path/Frameworks",
				);
				ONLY_ACTIVE_ARCH = YES;
				PRODUCT_BUNDLE_IDENTIFIER = Hackweek2021.FoodWaste;
				PRODUCT_NAME = "$(TARGET_NAME)";
				SWIFT_VERSION = 5.0;
				TARGETED_DEVICE_FAMILY = "1,2";
			};
			name = Debug;
		};
		6AEECB8326B1436C00EDFD5D /* Release */ = {
			isa = XCBuildConfiguration;
			baseConfigurationReference = 9E4D6049BD1E631B2B4D8114 /* Pods-FoodWaste.release.xcconfig */;
			buildSettings = {
				ASSETCATALOG_COMPILER_APPICON_NAME = AppIcon;
				ASSETCATALOG_COMPILER_GLOBAL_ACCENT_COLOR_NAME = AccentColor;
				CODE_SIGN_STYLE = Automatic;
				DEVELOPMENT_ASSET_PATHS = "\"FoodWaste/Preview Content\"";
				DEVELOPMENT_TEAM = GW3Q5YKX9T;
				ENABLE_PREVIEWS = YES;
				INFOPLIST_FILE = FoodWaste/Info.plist;
				IPHONEOS_DEPLOYMENT_TARGET = 14.0;
				LD_RUNPATH_SEARCH_PATHS = (
					"$(inherited)",
					"@executable_path/Frameworks",
				);
				PRODUCT_BUNDLE_IDENTIFIER = Hackweek2021.FoodWaste;
				PRODUCT_NAME = "$(TARGET_NAME)";
				SWIFT_VERSION = 5.0;
				TARGETED_DEVICE_FAMILY = "1,2";
			};
			name = Release;
		};
/* End XCBuildConfiguration section */

/* Begin XCConfigurationList section */
		6AEECB6D26B1436B00EDFD5D /* Build configuration list for PBXProject "FoodWaste" */ = {
			isa = XCConfigurationList;
			buildConfigurations = (
				6AEECB7F26B1436C00EDFD5D /* Debug */,
				6AEECB8026B1436C00EDFD5D /* Release */,
			);
			defaultConfigurationIsVisible = 0;
			defaultConfigurationName = Release;
		};
		6AEECB8126B1436C00EDFD5D /* Build configuration list for PBXNativeTarget "FoodWaste" */ = {
			isa = XCConfigurationList;
			buildConfigurations = (
				6AEECB8226B1436C00EDFD5D /* Debug */,
				6AEECB8326B1436C00EDFD5D /* Release */,
			);
			defaultConfigurationIsVisible = 0;
			defaultConfigurationName = Release;
		};
/* End XCConfigurationList section */
	};
	rootObject = 6AEECB6A26B1436B00EDFD5D /* Project object */;
}
